
Microsoft Visual Studio Solution File, Format Version 12.00
# Visual Studio Version 17
VisualStudioVersion = 17.8.34330.188
MinimumVisualStudioVersion = 10.0.40219.1
Project("{FAE04EC0-301F-11D3-BF4B-00C04F79EFBC}") = "MartinZumarragaDogApi", "MartinZumarragaDogApi.csproj", "{E7C84825-3E12-454D-AC7F-009E0B7F38BC}"
EndProject
Global
	GlobalSection(SolutionConfigurationPlatforms) = preSolution
		Debug|Any CPU = Debug|Any CPU
		Release|Any CPU = Release|Any CPU
	EndGlobalSection
	GlobalSection(ProjectConfigurationPlatforms) = postSolution
		{E7C84825-3E12-454D-AC7F-009E0B7F38BC}.Debug|Any CPU.ActiveCfg = Debug|Any CPU
		{E7C84825-3E12-454D-AC7F-009E0B7F38BC}.Debug|Any CPU.Build.0 = Debug|Any CPU
		{E7C84825-3E12-454D-AC7F-009E0B7F38BC}.Debug|Any CPU.Deploy.0 = Debug|Any CPU
		{E7C84825-3E12-454D-AC7F-009E0B7F38BC}.Release|Any CPU.ActiveCfg = Release|Any CPU
		{E7C84825-3E12-454D-AC7F-009E0B7F38BC}.Release|Any CPU.Build.0 = Release|Any CPU
		{E7C84825-3E12-454D-AC7F-009E0B7F38BC}.Release|Any CPU.Deploy.0 = Release|Any CPU
	EndGlobalSection
	GlobalSection(SolutionProperties) = preSolution
		HideSolutionNode = FALSE
	EndGlobalSection
	GlobalSection(ExtensibilityGlobals) = postSolution
		SolutionGuid = {97312D1F-6690-495D-A62E-9EF7C13917FE}
	EndGlobalSection
EndGlobal
